{
  "name": "discuss-client",
  "version": "0.1.0",
  "lockfileVersion": 1,
  "requires": true,
  "dependencies": {
    "@types/classnames": {
      "version": "2.2.3",
      "resolved": "https://registry.npmjs.org/@types/classnames/-/classnames-2.2.3.tgz",
      "integrity": "sha512-x15/Io+JdzrkM9gnX6SWUs/EmqQzd65TD9tcZIAQ1VIdb93XErNuYmB7Yho8JUCE189ipUSESsWvGvYXRRIvYA==",
      "dev": true
    },
    "@types/react": {
      "version": "16.0.29",
      "resolved": "https://registry.npmjs.org/@types/react/-/react-16.0.29.tgz",
      "integrity": "sha512-ITI4e/2D3jrGr+wrtP8vlcdGPgUzUslx8m8c3jLh95g/L+lpZA+O6kegcEky4eEFbjD4EWyisEZ23QJNUJz+Nw==",
      "dev": true
    },
    "@types/react-icon-base": {
      "version": "2.0.4",
      "resolved": "https://registry.npmjs.org/@types/react-icon-base/-/react-icon-base-2.0.4.tgz",
      "integrity": "sha512-hX/1SQ0tSYaB3r2Qlrg9RizWRyt0aMxqamWURsDVcqcz6+zGVPK4JV3+tCvc3jNHCc2w8/RmIT/7Wcp8npUooA==",
      "dev": true,
      "requires": {
        "@types/react": "16.0.29"
      }
    },
    "@types/react-icons": {
      "version": "2.2.4",
      "resolved": "https://registry.npmjs.org/@types/react-icons/-/react-icons-2.2.4.tgz",
      "integrity": "sha512-NZlqmcLm7H83Mn5zat+DdlGiepBy1JcuyopCx1BMfBihZhY49s7HjxwKRkxmBtmfm60gpHIeIdPVBH90cK8hPw==",
      "dev": true,
      "requires": {
        "@types/react": "16.0.29",
        "@types/react-icon-base": "2.0.4"
      }
    }
  }
}
